<?xml version="1.0" encoding="utf-8"?>
<Project ToolsVersion="4.0" xmlns="http://schemas.microsoft.com/developer/msbuild/2003">
  <ItemGroup>
    <ClCompile Include="ClassFactory.cpp">
      <Filter>Quelldateien</Filter>
    </ClCompile>
    <ClCompile Include="dllmain.cpp">
      <Filter>Quelldateien</Filter>
    </ClCompile>
    <ClCompile Include="FileContextMenuExt.cpp">
      <Filter>Quelldateien</Filter>
    </ClCompile>
    <ClCompile Include="Reg.cpp">
      <Filter>Quelldateien</Filter>
    </ClCompile>
  </ItemGroup>
  <ItemGroup>
    <ClInclude Include="resource.h">
      <Filter>Headerdateien</Filter>
    </ClInclude>
    <ClInclude Include="Reg.h">
      <Filter>Headerdateien</Filter>
    </ClInclude>
    <ClInclude Include="FileContextMenuExt.h">
      <Filter>Headerdateien</Filter>
    </ClInclude>
    <ClInclude Include="ClassFactory.h">
      <Filter>Headerdateien</Filter>
    </ClInclude>
  </ItemGroup>
  <ItemGroup>
    <None Include="OK.bmp">
      <Filter>Ressourcendateien</Filter>
    </None>
    <None Include="ReadMe.txt">
      <Filter>Quelldateien</Filter>
    </None>
    <None Include="GlobalExportFunctions.def">
      <Filter>Quelldateien</Filter>
    </None>
  </ItemGroup>
  <ItemGroup>
    <Filter Include="Headerdateien">
      <UniqueIdentifier>{c8bfd4bf-b6a7-47e4-856b-5d5678c7518b}</UniqueIdentifier>
    </Filter>
    <Filter Include="Quelldateien">
      <UniqueIdentifier>{e2542e6b-1857-4872-8c1e-83998c3092ee}</UniqueIdentifier>
    </Filter>
    <Filter Include="Ressourcendateien">
      <UniqueIdentifier>{903028ed-aee3-49c7-9bc2-c233344a30a6}</UniqueIdentifier>
    </Filter>
  </ItemGroup>
  <ItemGroup>
    <ResourceCompile Include="CppShellExtContextMenuHandler.rc">
      <Filter>Ressourcendateien</Filter>
    </ResourceCompile>
  </ItemGroup>
</Project>